
Microsoft Visual Studio Solution File, Format Version 12.00
# Visual Studio Express 2012 for Windows Desktop
Project("{FAE04EC0-301F-11D3-BF4B-00C04F79EFBC}") = "01. Odd Lines", "01. Odd Lines\01. Odd Lines.csproj", "{D1C59CD8-ACB8-424B-AEF9-07E1EBCCF93C}"
EndProject
Project("{FAE04EC0-301F-11D3-BF4B-00C04F79EFBC}") = "02. Line Numbers", "02. Line Numbers\02. Line Numbers.csproj", "{D4702FC4-82E6-4FAA-9CB0-6C956DCD1321}"
EndProject
Project("{FAE04EC0-301F-11D3-BF4B-00C04F79EFBC}") = "03. Word Count", "03. Word Count\03. Word Count.csproj", "{4390E4CA-AC80-431D-8313-CFFDEA393310}"
EndProject
Project("{FAE04EC0-301F-11D3-BF4B-00C04F79EFBC}") = "04. Merge Files", "04. Merge Files\04. Merge Files.csproj", "{1242969F-B8A2-472D-9740-EA96BC3D8706}"
EndProject
Project("{FAE04EC0-301F-11D3-BF4B-00C04F79EFBC}") = "05. Folder Size", "05. Folder Size\05. Folder Size.csproj", "{C33862D9-7670-43A2-9C78-B35FDA168592}"
EndProject
Global
	GlobalSection(SolutionConfigurationPlatforms) = preSolution
		Debug|Any CPU = Debug|Any CPU
		Release|Any CPU = Release|Any CPU
	EndGlobalSection
	GlobalSection(ProjectConfigurationPlatforms) = postSolution
		{D1C59CD8-ACB8-424B-AEF9-07E1EBCCF93C}.Debug|Any CPU.ActiveCfg = Debug|Any CPU
		{D1C59CD8-ACB8-424B-AEF9-07E1EBCCF93C}.Debug|Any CPU.Build.0 = Debug|Any CPU
		{D1C59CD8-ACB8-424B-AEF9-07E1EBCCF93C}.Release|Any CPU.ActiveCfg = Release|Any CPU
		{D1C59CD8-ACB8-424B-AEF9-07E1EBCCF93C}.Release|Any CPU.Build.0 = Release|Any CPU
		{D4702FC4-82E6-4FAA-9CB0-6C956DCD1321}.Debug|Any CPU.ActiveCfg = Debug|Any CPU
		{D4702FC4-82E6-4FAA-9CB0-6C956DCD1321}.Debug|Any CPU.Build.0 = Debug|Any CPU
		{D4702FC4-82E6-4FAA-9CB0-6C956DCD1321}.Release|Any CPU.ActiveCfg = Release|Any CPU
		{D4702FC4-82E6-4FAA-9CB0-6C956DCD1321}.Release|Any CPU.Build.0 = Release|Any CPU
		{4390E4CA-AC80-431D-8313-CFFDEA393310}.Debug|Any CPU.ActiveCfg = Debug|Any CPU
		{4390E4CA-AC80-431D-8313-CFFDEA393310}.Debug|Any CPU.Build.0 = Debug|Any CPU
		{4390E4CA-AC80-431D-8313-CFFDEA393310}.Release|Any CPU.ActiveCfg = Release|Any CPU
		{4390E4CA-AC80-431D-8313-CFFDEA393310}.Release|Any CPU.Build.0 = Release|Any CPU
		{1242969F-B8A2-472D-9740-EA96BC3D8706}.Debug|Any CPU.ActiveCfg = Debug|Any CPU
		{1242969F-B8A2-472D-9740-EA96BC3D8706}.Debug|Any CPU.Build.0 = Debug|Any CPU
		{1242969F-B8A2-472D-9740-EA96BC3D8706}.Release|Any CPU.ActiveCfg = Release|Any CPU
		{1242969F-B8A2-472D-9740-EA96BC3D8706}.Release|Any CPU.Build.0 = Release|Any CPU
		{C33862D9-7670-43A2-9C78-B35FDA168592}.Debug|Any CPU.ActiveCfg = Debug|Any CPU
		{C33862D9-7670-43A2-9C78-B35FDA168592}.Debug|Any CPU.Build.0 = Debug|Any CPU
		{C33862D9-7670-43A2-9C78-B35FDA168592}.Release|Any CPU.ActiveCfg = Release|Any CPU
		{C33862D9-7670-43A2-9C78-B35FDA168592}.Release|Any CPU.Build.0 = Release|Any CPU
	EndGlobalSection
	GlobalSection(SolutionProperties) = preSolution
		HideSolutionNode = FALSE
	EndGlobalSection
EndGlobal
