
Microsoft Visual Studio Solution File, Format Version 12.00
# Visual Studio Express 2012 for Windows Desktop
Project("{FAE04EC0-301F-11D3-BF4B-00C04F79EFBC}") = "01. Phonebook", "01. Phonebook\01. Phonebook.csproj", "{5FAA9DAC-018D-4072-83FD-992FE02AAF4F}"
EndProject
Project("{FAE04EC0-301F-11D3-BF4B-00C04F79EFBC}") = "02. Phonebook Upgrade", "02. Phonebook Upgrade\02. Phonebook Upgrade.csproj", "{2D860042-1AFC-4DBD-8CE2-10EEE375494A}"
EndProject
Project("{FAE04EC0-301F-11D3-BF4B-00C04F79EFBC}") = "03. A Miner Task", "03. A Miner Task\03. A Miner Task.csproj", "{94A7483E-3C8E-4418-B8FB-B6D95B291719}"
EndProject
Project("{FAE04EC0-301F-11D3-BF4B-00C04F79EFBC}") = "04. Fix Emails", "04. Fix Emails\04. Fix Emails.csproj", "{9B87CA95-AF0A-481A-BBBD-F10C563B74CD}"
EndProject
Project("{FAE04EC0-301F-11D3-BF4B-00C04F79EFBC}") = "05. Hands of Cards", "05. Hands of Cards\05. Hands of Cards.csproj", "{CF93B3FE-D25B-4CB2-A60A-221F6CABDB86}"
EndProject
Project("{FAE04EC0-301F-11D3-BF4B-00C04F79EFBC}") = "06. User Logs", "06. User Logs\06. User Logs.csproj", "{031F50BD-2DB1-44B7-A3A3-F9E682CDBD21}"
EndProject
Project("{FAE04EC0-301F-11D3-BF4B-00C04F79EFBC}") = "07. Population Counter", "07. Population Counter\07. Population Counter.csproj", "{BBFE7CB4-58AE-4F50-B0F4-20427D8AAB64}"
EndProject
Project("{FAE04EC0-301F-11D3-BF4B-00C04F79EFBC}") = "08. Logs Aggregator", "08. Logs Aggregator\08. Logs Aggregator.csproj", "{DC4A6CE3-41D7-4EBC-BBE7-B5A867BE1E35}"
EndProject
Project("{FAE04EC0-301F-11D3-BF4B-00C04F79EFBC}") = "09. Legendary Farming", "09. Legendary Farming\09. Legendary Farming.csproj", "{79343E38-F1F6-468D-A800-B91C4B0CA6A2}"
EndProject
Project("{FAE04EC0-301F-11D3-BF4B-00C04F79EFBC}") = "10. Сръбско Unleashed", "10. Сръбско Unleashed\10. Сръбско Unleashed.csproj", "{AA90724D-2B2F-460B-BB4D-259C73667557}"
EndProject
Project("{FAE04EC0-301F-11D3-BF4B-00C04F79EFBC}") = "11. Dragon Army", "11. Dragon Army\11. Dragon Army.csproj", "{FB3F7320-D070-4070-91E9-45CFEBC068DE}"
EndProject
Global
	GlobalSection(SolutionConfigurationPlatforms) = preSolution
		Debug|Any CPU = Debug|Any CPU
		Release|Any CPU = Release|Any CPU
	EndGlobalSection
	GlobalSection(ProjectConfigurationPlatforms) = postSolution
		{5FAA9DAC-018D-4072-83FD-992FE02AAF4F}.Debug|Any CPU.ActiveCfg = Debug|Any CPU
		{5FAA9DAC-018D-4072-83FD-992FE02AAF4F}.Debug|Any CPU.Build.0 = Debug|Any CPU
		{5FAA9DAC-018D-4072-83FD-992FE02AAF4F}.Release|Any CPU.ActiveCfg = Release|Any CPU
		{5FAA9DAC-018D-4072-83FD-992FE02AAF4F}.Release|Any CPU.Build.0 = Release|Any CPU
		{2D860042-1AFC-4DBD-8CE2-10EEE375494A}.Debug|Any CPU.ActiveCfg = Debug|Any CPU
		{2D860042-1AFC-4DBD-8CE2-10EEE375494A}.Debug|Any CPU.Build.0 = Debug|Any CPU
		{2D860042-1AFC-4DBD-8CE2-10EEE375494A}.Release|Any CPU.ActiveCfg = Release|Any CPU
		{2D860042-1AFC-4DBD-8CE2-10EEE375494A}.Release|Any CPU.Build.0 = Release|Any CPU
		{94A7483E-3C8E-4418-B8FB-B6D95B291719}.Debug|Any CPU.ActiveCfg = Debug|Any CPU
		{94A7483E-3C8E-4418-B8FB-B6D95B291719}.Debug|Any CPU.Build.0 = Debug|Any CPU
		{94A7483E-3C8E-4418-B8FB-B6D95B291719}.Release|Any CPU.ActiveCfg = Release|Any CPU
		{94A7483E-3C8E-4418-B8FB-B6D95B291719}.Release|Any CPU.Build.0 = Release|Any CPU
		{9B87CA95-AF0A-481A-BBBD-F10C563B74CD}.Debug|Any CPU.ActiveCfg = Debug|Any CPU
		{9B87CA95-AF0A-481A-BBBD-F10C563B74CD}.Debug|Any CPU.Build.0 = Debug|Any CPU
		{9B87CA95-AF0A-481A-BBBD-F10C563B74CD}.Release|Any CPU.ActiveCfg = Release|Any CPU
		{9B87CA95-AF0A-481A-BBBD-F10C563B74CD}.Release|Any CPU.Build.0 = Release|Any CPU
		{CF93B3FE-D25B-4CB2-A60A-221F6CABDB86}.Debug|Any CPU.ActiveCfg = Debug|Any CPU
		{CF93B3FE-D25B-4CB2-A60A-221F6CABDB86}.Debug|Any CPU.Build.0 = Debug|Any CPU
		{CF93B3FE-D25B-4CB2-A60A-221F6CABDB86}.Release|Any CPU.ActiveCfg = Release|Any CPU
		{CF93B3FE-D25B-4CB2-A60A-221F6CABDB86}.Release|Any CPU.Build.0 = Release|Any CPU
		{031F50BD-2DB1-44B7-A3A3-F9E682CDBD21}.Debug|Any CPU.ActiveCfg = Debug|Any CPU
		{031F50BD-2DB1-44B7-A3A3-F9E682CDBD21}.Debug|Any CPU.Build.0 = Debug|Any CPU
		{031F50BD-2DB1-44B7-A3A3-F9E682CDBD21}.Release|Any CPU.ActiveCfg = Release|Any CPU
		{031F50BD-2DB1-44B7-A3A3-F9E682CDBD21}.Release|Any CPU.Build.0 = Release|Any CPU
		{BBFE7CB4-58AE-4F50-B0F4-20427D8AAB64}.Debug|Any CPU.ActiveCfg = Debug|Any CPU
		{BBFE7CB4-58AE-4F50-B0F4-20427D8AAB64}.Debug|Any CPU.Build.0 = Debug|Any CPU
		{BBFE7CB4-58AE-4F50-B0F4-20427D8AAB64}.Release|Any CPU.ActiveCfg = Release|Any CPU
		{BBFE7CB4-58AE-4F50-B0F4-20427D8AAB64}.Release|Any CPU.Build.0 = Release|Any CPU
		{DC4A6CE3-41D7-4EBC-BBE7-B5A867BE1E35}.Debug|Any CPU.ActiveCfg = Debug|Any CPU
		{DC4A6CE3-41D7-4EBC-BBE7-B5A867BE1E35}.Debug|Any CPU.Build.0 = Debug|Any CPU
		{DC4A6CE3-41D7-4EBC-BBE7-B5A867BE1E35}.Release|Any CPU.ActiveCfg = Release|Any CPU
		{DC4A6CE3-41D7-4EBC-BBE7-B5A867BE1E35}.Release|Any CPU.Build.0 = Release|Any CPU
		{79343E38-F1F6-468D-A800-B91C4B0CA6A2}.Debug|Any CPU.ActiveCfg = Debug|Any CPU
		{79343E38-F1F6-468D-A800-B91C4B0CA6A2}.Debug|Any CPU.Build.0 = Debug|Any CPU
		{79343E38-F1F6-468D-A800-B91C4B0CA6A2}.Release|Any CPU.ActiveCfg = Release|Any CPU
		{79343E38-F1F6-468D-A800-B91C4B0CA6A2}.Release|Any CPU.Build.0 = Release|Any CPU
		{AA90724D-2B2F-460B-BB4D-259C73667557}.Debug|Any CPU.ActiveCfg = Debug|Any CPU
		{AA90724D-2B2F-460B-BB4D-259C73667557}.Debug|Any CPU.Build.0 = Debug|Any CPU
		{AA90724D-2B2F-460B-BB4D-259C73667557}.Release|Any CPU.ActiveCfg = Release|Any CPU
		{AA90724D-2B2F-460B-BB4D-259C73667557}.Release|Any CPU.Build.0 = Release|Any CPU
		{FB3F7320-D070-4070-91E9-45CFEBC068DE}.Debug|Any CPU.ActiveCfg = Debug|Any CPU
		{FB3F7320-D070-4070-91E9-45CFEBC068DE}.Debug|Any CPU.Build.0 = Debug|Any CPU
		{FB3F7320-D070-4070-91E9-45CFEBC068DE}.Release|Any CPU.ActiveCfg = Release|Any CPU
		{FB3F7320-D070-4070-91E9-45CFEBC068DE}.Release|Any CPU.Build.0 = Release|Any CPU
	EndGlobalSection
	GlobalSection(SolutionProperties) = preSolution
		HideSolutionNode = FALSE
	EndGlobalSection
EndGlobal
